// !$*UTF8*$!
{
	archiveVersion = 1;
	classes = {
	};
	objectVersion = 46;
	objects = {

/* Begin PBXBuildFile section */
		055DEA541BC96D5200080967 /* main.m in Sources */ = {isa = PBXBuildFile; fileRef = 055DEA531BC96D5200080967 /* main.m */; };
/* End PBXBuildFile section */

/* Begin PBXCopyFilesBuildPhase section */
		055DEA4E1BC96D5200080967 /* CopyFiles */ = {
			isa = PBXCopyFilesBuildPhase;
			buildActionMask = 2147483647;
			dstPath = /usr/share/man/man1/;
			dstSubfolderSpec = 0;
			files = (
			);
			runOnlyForDeploymentPostprocessing = 1;
		};
/* End PBXCopyFilesBuildPhase section */

/* Begin PBXFileReference section */
		055DEA501BC96D5200080967 /* NumbersWichNotDivideOnOtherNumbers */ = {isa = PBXFileReference; explicitFileType = "compiled.mach-o.executable"; includeInIndex = 0; path = NumbersWichNotDivideOnOtherNumbers; sourceTree = BUILT_PRODUCTS_DIR; };
		055DEA531BC96D5200080967 /* main.m */ = {isa = PBXFileReference; lastKnownFileType = sourcecode.c.objc; path = main.m; sourceTree = "<group>"; };
/* End PBXFileReference section */

/* Begin PBXFrameworksBuildPhase section */
		055DEA4D1BC96D5200080967 /* Frameworks */ = {
			isa = PBXFrameworksBuildPhase;
			buildActionMask = 2147483647;
			files = (
			);
			runOnlyForDeploymentPostprocessing = 0;
		};
/* End PBXFrameworksBuildPhase section */

/* Begin PBXGroup section */
		055DEA471BC96D5200080967 = {
			isa = PBXGroup;
			children = (
				055DEA521BC96D5200080967 /* NumbersWichNotDivideOnOtherNumbers */,
				055DEA511BC96D5200080967 /* Products */,
			);
			sourceTree = "<group>";
		};
		055DEA511BC96D5200080967 /* Products */ = {
			isa = PBXGroup;
			children = (
				055DEA501BC96D5200080967 /* NumbersWichNotDivideOnOtherNumbers */,
			);
			name = Products;
			sourceTree = "<group>";
		};
		055DEA521BC96D5200080967 /* NumbersWichNotDivideOnOtherNumbers */ = {
			isa = PBXGroup;
			children = (
				055DEA531BC96D5200080967 /* main.m */,
			);
			path = NumbersWichNotDivideOnOtherNumbers;
			sourceTree = "<group>";
		};
/* End PBXGroup section */

/* Begin PBXNativeTarget section */
		055DEA4F1BC96D5200080967 /* NumbersWichNotDivideOnOtherNumbers */ = {
			isa = PBXNativeTarget;
			buildConfigurationList = 055DEA571BC96D5200080967 /* Build configuration list for PBXNativeTarget "NumbersWichNotDivideOnOtherNumbers" */;
			buildPhases = (
				055DEA4C1BC96D5200080967 /* Sources */,
				055DEA4D1BC96D5200080967 /* Frameworks */,
				055DEA4E1BC96D5200080967 /* CopyFiles */,
			);
			buildRules = (
			);
			dependencies = (
			);
			name = NumbersWichNotDivideOnOtherNumbers;
			productName = NumbersWichNotDivideOnOtherNumbers;
			productReference = 055DEA501BC96D5200080967 /* NumbersWichNotDivideOnOtherNumbers */;
			productType = "com.apple.product-type.tool";
		};
/* End PBXNativeTarget section */

/* Begin PBXProject section */
		055DEA481BC96D5200080967 /* Project object */ = {
			isa = PBXProject;
			attributes = {
				LastUpgradeCheck = 0640;
				ORGANIZATIONNAME = "Informatik-007";
				TargetAttributes = {
					055DEA4F1BC96D5200080967 = {
						CreatedOnToolsVersion = 6.4;
					};
				};
			};
			buildConfigurationList = 055DEA4B1BC96D5200080967 /* Build configuration list for PBXProject "NumbersWichNotDivideOnOtherNumbers" */;
			compatibilityVersion = "Xcode 3.2";
			developmentRegion = English;
			hasScannedForEncodings = 0;
			knownRegions = (
				en,
			);
			mainGroup = 055DEA471BC96D5200080967;
			productRefGroup = 055DEA511BC96D5200080967 /* Products */;
			projectDirPath = "";
			projectRoot = "";
			targets = (
				055DEA4F1BC96D5200080967 /* NumbersWichNotDivideOnOtherNumbers */,
			);
		};
/* End PBXProject section */

/* Begin PBXSourcesBuildPhase section */
		055DEA4C1BC96D5200080967 /* Sources */ = {
			isa = PBXSourcesBuildPhase;
			buildActionMask = 2147483647;
			files = (
				055DEA541BC96D5200080967 /* main.m in Sources */,
			);
			runOnlyForDeploymentPostprocessing = 0;
		};
/* End PBXSourcesBuildPhase section */

/* Begin XCBuildConfiguration section */
		055DEA551BC96D5200080967 /* Debug */ = {
			isa = XCBuildConfiguration;
			buildSettings = {
				ALWAYS_SEARCH_USER_PATHS = NO;
				CLANG_CXX_LANGUAGE_STANDARD = "gnu++0x";
				CLANG_CXX_LIBRARY = "libc++";
				CLANG_ENABLE_MODULES = YES;
				CLANG_ENABLE_OBJC_ARC = YES;
				CLANG_WARN_BOOL_CONVERSION = YES;
				CLANG_WARN_CONSTANT_CONVERSION = YES;
				CLANG_WARN_DIRECT_OBJC_ISA_USAGE = YES_ERROR;
				CLANG_WARN_EMPTY_BODY = YES;
				CLANG_WARN_ENUM_CONVERSION = YES;
				CLANG_WARN_INT_CONVERSION = YES;
				CLANG_WARN_OBJC_ROOT_CLASS = YES_ERROR;
				CLANG_WARN_UNREACHABLE_CODE = YES;
				CLANG_WARN__DUPLICATE_METHOD_MATCH = YES;
				COPY_PHASE_STRIP = NO;
				DEBUG_INFORMATION_FORMAT = dwarf;
				ENABLE_STRICT_OBJC_MSGSEND = YES;
				GCC_C_LANGUAGE_STANDARD = gnu99;
				GCC_DYNAMIC_NO_PIC = NO;
				GCC_NO_COMMON_BLOCKS = YES;
				GCC_OPTIMIZATION_LEVEL = 0;
				GCC_PREPROCESSOR_DEFINITIONS = (
					"DEBUG=1",
					"$(inherited)",
				);
				GCC_SYMBOLS_PRIVATE_EXTERN = NO;
				GCC_WARN_64_TO_32_BIT_CONVERSION = YES;
				GCC_WARN_ABOUT_RETURN_TYPE = YES_ERROR;
				GCC_WARN_UNDECLARED_SELECTOR = YES;
				GCC_WARN_UNINITIALIZED_AUTOS = YES_AGGRESSIVE;
				GCC_WARN_UNUSED_FUNCTION = YES;
				GCC_WARN_UNUSED_VARIABLE = YES;
				MACOSX_DEPLOYMENT_TARGET = 10.10;
				MTL_ENABLE_DEBUG_INFO = YES;
				ONLY_ACTIVE_ARCH = YES;
				SDKROOT = macosx;
			};
			name = Debug;
		};
		055DEA561BC96D5200080967 /* Release */ = {
			isa = XCBuildConfiguration;
			buildSettings = {
				ALWAYS_SEARCH_USER_PATHS = NO;
				CLANG_CXX_LANGUAGE_STANDARD = "gnu++0x";
				CLANG_CXX_LIBRARY = "libc++";
				CLANG_ENABLE_MODULES = YES;
				CLANG_ENABLE_OBJC_ARC = YES;
				CLANG_WARN_BOOL_CONVERSION = YES;
				CLANG_WARN_CONSTANT_CONVERSION = YES;
				CLANG_WARN_DIRECT_OBJC_ISA_USAGE = YES_ERROR;
				CLANG_WARN_EMPTY_BODY = YES;
				CLANG_WARN_ENUM_CONVERSION = YES;
				CLANG_WARN_INT_CONVERSION = YES;
				CLANG_WARN_OBJC_ROOT_CLASS = YES_ERROR;
				CLANG_WARN_UNREACHABLE_CODE = YES;
				CLANG_WARN__DUPLICATE_METHOD_MATCH = YES;
				COPY_PHASE_STRIP = NO;
				DEBUG_INFORMATION_FORMAT = "dwarf-with-dsym";
				ENABLE_NS_ASSERTIONS = NO;
				ENABLE_STRICT_OBJC_MSGSEND = YES;
				GCC_C_LANGUAGE_STANDARD = gnu99;
				GCC_NO_COMMON_BLOCKS = YES;
				GCC_WARN_64_TO_32_BIT_CONVERSION = YES;
				GCC_WARN_ABOUT_RETURN_TYPE = YES_ERROR;
				GCC_WARN_UNDECLARED_SELECTOR = YES;
				GCC_WARN_UNINITIALIZED_AUTOS = YES_AGGRESSIVE;
				GCC_WARN_UNUSED_FUNCTION = YES;
				GCC_WARN_UNUSED_VARIABLE = YES;
				MACOSX_DEPLOYMENT_TARGET = 10.10;
				MTL_ENABLE_DEBUG_INFO = NO;
				SDKROOT = macosx;
			};
			name = Release;
		};
		055DEA581BC96D5200080967 /* Debug */ = {
			isa = XCBuildConfiguration;
			buildSettings = {
				PRODUCT_NAME = "$(TARGET_NAME)";
			};
			name = Debug;
		};
		055DEA591BC96D5200080967 /* Release */ = {
			isa = XCBuildConfiguration;
			buildSettings = {
				PRODUCT_NAME = "$(TARGET_NAME)";
			};
			name = Release;
		};
/* End XCBuildConfiguration section */

/* Begin XCConfigurationList section */
		055DEA4B1BC96D5200080967 /* Build configuration list for PBXProject "NumbersWichNotDivideOnOtherNumbers" */ = {
			isa = XCConfigurationList;
			buildConfigurations = (
				055DEA551BC96D5200080967 /* Debug */,
				055DEA561BC96D5200080967 /* Release */,
			);
			defaultConfigurationIsVisible = 0;
			defaultConfigurationName = Release;
		};
		055DEA571BC96D5200080967 /* Build configuration list for PBXNativeTarget "NumbersWichNotDivideOnOtherNumbers" */ = {
			isa = XCConfigurationList;
			buildConfigurations = (
				055DEA581BC96D5200080967 /* Debug */,
				055DEA591BC96D5200080967 /* Release */,
			);
			defaultConfigurationIsVisible = 0;
		};
/* End XCConfigurationList section */
	};
	rootObject = 055DEA481BC96D5200080967 /* Project object */;
}
